<?xml version="1.0" encoding="utf-8"?>
<Project ToolsVersion="4.0" xmlns="http://schemas.microsoft.com/developer/msbuild/2003">
  <ItemGroup>
    <ClCompile Include="..\..\audioconvert.c" />
    <ClCompile Include="..\..\dither.c" />
    <ClCompile Include="..\..\dither_template.c" />
    <ClCompile Include="..\..\log2_tab.c" />
    <ClCompile Include="..\..\noise_shaping_data.c" />
    <ClCompile Include="..\..\options.c" />
    <ClCompile Include="..\..\rematrix.c" />
    <ClCompile Include="..\..\rematrix_template.c" />
    <ClCompile Include="..\..\resample.c" />
    <ClCompile Include="..\..\resample_dsp.c" />
    <ClCompile Include="..\..\resample_template.c" />
    <ClCompile Include="..\..\soxr_resample.c" />
    <ClCompile Include="..\..\swresample.c" />
    <ClCompile Include="..\..\swresample_frame.c" />
    <ClCompile Include="..\..\version.c" />
    <ClCompile Include="..\..\x86\audio_convert_init.c">
      <Filter>x86</Filter>
    </ClCompile>
    <ClCompile Include="..\..\x86\rematrix_init.c">
      <Filter>x86</Filter>
    </ClCompile>
    <ClCompile Include="..\..\x86\resample_init.c">
      <Filter>x86</Filter>
    </ClCompile>
    <ClCompile Include="..\..\x86\w64xmmtest.c">
      <Filter>x86</Filter>
    </ClCompile>
  </ItemGroup>
  <ItemGroup>
    <Filter Include="x86">
      <UniqueIdentifier>{cb903e76-bdb0-43d7-9f31-ab6e6349d72a}</UniqueIdentifier>
    </Filter>
    <Filter Include="QtPri">
      <UniqueIdentifier>{a8d5ef85-6c57-41ce-832b-1ed76a3fdf01}</UniqueIdentifier>
    </Filter>
    <Filter Include="FfmpegConfig">
      <UniqueIdentifier>{b6c7726c-97de-4b32-9f40-0c3352d9ee56}</UniqueIdentifier>
    </Filter>
    <Filter Include="VisualStudioProps">
      <UniqueIdentifier>{31da67c2-9115-42d4-8744-3821946760c8}</UniqueIdentifier>
    </Filter>
    <Filter Include="arm">
      <UniqueIdentifier>{6241918e-2d6a-44fd-8f94-d395b01f2eb1}</UniqueIdentifier>
    </Filter>
  </ItemGroup>
  <ItemGroup>
    <None Include="..\..\Makefile">
      <Filter>QtPri</Filter>
    </None>
    <None Include="..\..\libswresample.v" />
    <None Include="..\..\x86\Makefile">
      <Filter>FfmpegConfig</Filter>
    </None>
    <None Include="..\..\..\config_ffmpeg_android.asm">
      <Filter>FfmpegConfig</Filter>
    </None>
    <None Include="..\..\..\config_ffmpeg_linux.asm">
      <Filter>FfmpegConfig</Filter>
    </None>
    <None Include="..\..\..\config_ffmpeg_w64.asm">
      <Filter>FfmpegConfig</Filter>
    </None>
    <None Include="nasm.props">
      <Filter>VisualStudioProps</Filter>
    </None>
    <None Include="nasm.targets">
      <Filter>VisualStudioProps</Filter>
    </None>
    <None Include="..\..\arm\audio_convert_neon.S">
      <Filter>arm</Filter>
    </None>
    <None Include="..\..\arm\resample.S">
      <Filter>arm</Filter>
    </None>
    <None Include="..\..\arm\Makefile">
      <Filter>arm</Filter>
    </None>
  </ItemGroup>
  <ItemGroup>
    <ClInclude Include="..\..\audioconvert.h" />
    <ClInclude Include="..\..\resample.h" />
    <ClInclude Include="..\..\swresample.h" />
    <ClInclude Include="..\..\swresample_internal.h" />
    <ClInclude Include="..\..\version.h" />
    <ClInclude Include="..\..\version_major.h" />
    <ClInclude Include="..\..\..\config_components.h">
      <Filter>FfmpegConfig</Filter>
    </ClInclude>
    <ClInclude Include="..\..\..\config_ffmpeg.h">
      <Filter>FfmpegConfig</Filter>
    </ClInclude>
  </ItemGroup>
  <ItemGroup>
    <NASM Include="..\..\x86\audio_convert.asm">
      <Filter>x86</Filter>
    </NASM>
    <NASM Include="..\..\x86\rematrix.asm">
      <Filter>x86</Filter>
    </NASM>
    <NASM Include="..\..\x86\resample.asm">
      <Filter>x86</Filter>
    </NASM>
  </ItemGroup>
  <ItemGroup>
    <Xml Include="nasm.xml">
      <Filter>VisualStudioProps</Filter>
    </Xml>
  </ItemGroup>
  <ItemGroup>
    <Text Include="..\..\CMakeLists.txt">
      <Filter>QtPri</Filter>
    </Text>
  </ItemGroup>
</Project>